
Microsoft Visual Studio Solution File, Format Version 12.00
# Visual Studio Version 16
VisualStudioVersion = 16.0.29709.97
MinimumVisualStudioVersion = 10.0.40219.1
Project("{FAE04EC0-301F-11D3-BF4B-00C04F79EFBC}") = "MvcExample", "MvcExample\MvcExample.csproj", "{880DD4C5-D2A1-4B7F-B316-FBE48F8E5578}"
EndProject
Global
	GlobalSection(SolutionConfigurationPlatforms) = preSolution
		Debug|Any CPU = Debug|Any CPU
		Release|Any CPU = Release|Any CPU
	EndGlobalSection
	GlobalSection(ProjectConfigurationPlatforms) = postSolution
		{880DD4C5-D2A1-4B7F-B316-FBE48F8E5578}.Debug|Any CPU.ActiveCfg = Debug|Any CPU
		{880DD4C5-D2A1-4B7F-B316-FBE48F8E5578}.Debug|Any CPU.Build.0 = Debug|Any CPU
		{880DD4C5-D2A1-4B7F-B316-FBE48F8E5578}.Release|Any CPU.ActiveCfg = Release|Any CPU
		{880DD4C5-D2A1-4B7F-B316-FBE48F8E5578}.Release|Any CPU.Build.0 = Release|Any CPU
	EndGlobalSection
	GlobalSection(SolutionProperties) = preSolution
		HideSolutionNode = FALSE
	EndGlobalSection
	GlobalSection(ExtensibilityGlobals) = postSolution
		SolutionGuid = {C695A8A6-EE90-41B8-AE4C-DE1B0F6B0CBA}
	EndGlobalSection
EndGlobal
